// !$*UTF8*$!
{
	archiveVersion = 1;
	classes = {
	};
	objectVersion = 46;
	objects = {

/* Begin PBXBuildFile section */
		C713AE641DCA2C5400852B72 /* TestCell.swift in Sources */ = {isa = PBXBuildFile; fileRef = C713AE631DCA2C5400852B72 /* TestCell.swift */; };
		C713AE661DCA2C6D00852B72 /* TestCell.xib in Resources */ = {isa = PBXBuildFile; fileRef = C713AE651DCA2C6D00852B72 /* TestCell.xib */; };
		C713AE6A1DCA3A2200852B72 /* ViewReference.swift in Sources */ = {isa = PBXBuildFile; fileRef = C713AE691DCA3A2200852B72 /* ViewReference.swift */; };
		C739BC0A1DD1C69A003EFB72 /* AnimatedLayer.swift in Sources */ = {isa = PBXBuildFile; fileRef = C739BC091DD1C69A003EFB72 /* AnimatedLayer.swift */; };
		C739BC0C1DD228C9003EFB72 /* ArrayExtension.swift in Sources */ = {isa = PBXBuildFile; fileRef = C739BC0B1DD228C9003EFB72 /* ArrayExtension.swift */; };
		C739BC0E1DD42CC6003EFB72 /* UIScrollViewExtension.swift in Sources */ = {isa = PBXBuildFile; fileRef = C739BC0D1DD42CC6003EFB72 /* UIScrollViewExtension.swift */; };
		C739BC101DD59F27003EFB72 /* ViewVisibleInfo.swift in Sources */ = {isa = PBXBuildFile; fileRef = C739BC0F1DD59F27003EFB72 /* ViewVisibleInfo.swift */; };
		C772868D1DE56C45005154DE /* IntegerType.swift in Sources */ = {isa = PBXBuildFile; fileRef = C772868C1DE56C45005154DE /* IntegerType.swift */; };
		C772868F1DE5A67E005154DE /* Countable.swift in Sources */ = {isa = PBXBuildFile; fileRef = C772868E1DE5A67E005154DE /* Countable.swift */; };
		C79FBE441DCC407F0070D363 /* ViewBundle.swift in Sources */ = {isa = PBXBuildFile; fileRef = C79FBE431DCC407F0070D363 /* ViewBundle.swift */; };
		C7ACDEC71DC4F23D002F2C45 /* AppDelegate.swift in Sources */ = {isa = PBXBuildFile; fileRef = C7ACDEC61DC4F23D002F2C45 /* AppDelegate.swift */; };
		C7ACDEC91DC4F23D002F2C45 /* ViewController.swift in Sources */ = {isa = PBXBuildFile; fileRef = C7ACDEC81DC4F23D002F2C45 /* ViewController.swift */; };
		C7ACDECC1DC4F23D002F2C45 /* Main.storyboard in Resources */ = {isa = PBXBuildFile; fileRef = C7ACDECA1DC4F23D002F2C45 /* Main.storyboard */; };
		C7ACDECE1DC4F23D002F2C45 /* Assets.xcassets in Resources */ = {isa = PBXBuildFile; fileRef = C7ACDECD1DC4F23D002F2C45 /* Assets.xcassets */; };
		C7ACDED11DC4F23D002F2C45 /* LaunchScreen.storyboard in Resources */ = {isa = PBXBuildFile; fileRef = C7ACDECF1DC4F23D002F2C45 /* LaunchScreen.storyboard */; };
		C7ACDEDA1DC4F56B002F2C45 /* InfiniteView.swift in Sources */ = {isa = PBXBuildFile; fileRef = C7ACDED91DC4F56B002F2C45 /* InfiniteView.swift */; };
		C7ACDEDC1DC4F62A002F2C45 /* InfiniteViewCell.swift in Sources */ = {isa = PBXBuildFile; fileRef = C7ACDEDB1DC4F62A002F2C45 /* InfiniteViewCell.swift */; };
		C7C385F01DCB6D6E00E2353A /* ReuseQueue.swift in Sources */ = {isa = PBXBuildFile; fileRef = C7C385EF1DCB6D6E00E2353A /* ReuseQueue.swift */; };
/* End PBXBuildFile section */

/* Begin PBXFileReference section */
		C713AE631DCA2C5400852B72 /* TestCell.swift */ = {isa = PBXFileReference; fileEncoding = 4; lastKnownFileType = sourcecode.swift; path = TestCell.swift; sourceTree = "<group>"; };
		C713AE651DCA2C6D00852B72 /* TestCell.xib */ = {isa = PBXFileReference; fileEncoding = 4; lastKnownFileType = file.xib; path = TestCell.xib; sourceTree = "<group>"; };
		C713AE691DCA3A2200852B72 /* ViewReference.swift */ = {isa = PBXFileReference; fileEncoding = 4; lastKnownFileType = sourcecode.swift; path = ViewReference.swift; sourceTree = "<group>"; };
		C739BC091DD1C69A003EFB72 /* AnimatedLayer.swift */ = {isa = PBXFileReference; fileEncoding = 4; lastKnownFileType = sourcecode.swift; path = AnimatedLayer.swift; sourceTree = "<group>"; };
		C739BC0B1DD228C9003EFB72 /* ArrayExtension.swift */ = {isa = PBXFileReference; fileEncoding = 4; lastKnownFileType = sourcecode.swift; path = ArrayExtension.swift; sourceTree = "<group>"; };
		C739BC0D1DD42CC6003EFB72 /* UIScrollViewExtension.swift */ = {isa = PBXFileReference; fileEncoding = 4; lastKnownFileType = sourcecode.swift; path = UIScrollViewExtension.swift; sourceTree = "<group>"; };
		C739BC0F1DD59F27003EFB72 /* ViewVisibleInfo.swift */ = {isa = PBXFileReference; fileEncoding = 4; lastKnownFileType = sourcecode.swift; path = ViewVisibleInfo.swift; sourceTree = "<group>"; };
		C772868C1DE56C45005154DE /* IntegerType.swift */ = {isa = PBXFileReference; fileEncoding = 4; lastKnownFileType = sourcecode.swift; path = IntegerType.swift; sourceTree = "<group>"; };
		C772868E1DE5A67E005154DE /* Countable.swift */ = {isa = PBXFileReference; fileEncoding = 4; lastKnownFileType = sourcecode.swift; path = Countable.swift; sourceTree = "<group>"; };
		C79FBE431DCC407F0070D363 /* ViewBundle.swift */ = {isa = PBXFileReference; fileEncoding = 4; lastKnownFileType = sourcecode.swift; path = ViewBundle.swift; sourceTree = "<group>"; };
		C7ACDEC31DC4F23D002F2C45 /* InfiniteView.app */ = {isa = PBXFileReference; explicitFileType = wrapper.application; includeInIndex = 0; path = InfiniteView.app; sourceTree = BUILT_PRODUCTS_DIR; };
		C7ACDEC61DC4F23D002F2C45 /* AppDelegate.swift */ = {isa = PBXFileReference; lastKnownFileType = sourcecode.swift; path = AppDelegate.swift; sourceTree = "<group>"; };
		C7ACDEC81DC4F23D002F2C45 /* ViewController.swift */ = {isa = PBXFileReference; lastKnownFileType = sourcecode.swift; path = ViewController.swift; sourceTree = "<group>"; };
		C7ACDECB1DC4F23D002F2C45 /* Base */ = {isa = PBXFileReference; lastKnownFileType = file.storyboard; name = Base; path = Base.lproj/Main.storyboard; sourceTree = "<group>"; };
		C7ACDECD1DC4F23D002F2C45 /* Assets.xcassets */ = {isa = PBXFileReference; lastKnownFileType = folder.assetcatalog; path = Assets.xcassets; sourceTree = "<group>"; };
		C7ACDED01DC4F23D002F2C45 /* Base */ = {isa = PBXFileReference; lastKnownFileType = file.storyboard; name = Base; path = Base.lproj/LaunchScreen.storyboard; sourceTree = "<group>"; };
		C7ACDED21DC4F23D002F2C45 /* Info.plist */ = {isa = PBXFileReference; lastKnownFileType = text.plist.xml; path = Info.plist; sourceTree = "<group>"; };
		C7ACDED91DC4F56B002F2C45 /* InfiniteView.swift */ = {isa = PBXFileReference; fileEncoding = 4; lastKnownFileType = sourcecode.swift; path = InfiniteView.swift; sourceTree = "<group>"; };
		C7ACDEDB1DC4F62A002F2C45 /* InfiniteViewCell.swift */ = {isa = PBXFileReference; fileEncoding = 4; lastKnownFileType = sourcecode.swift; path = InfiniteViewCell.swift; sourceTree = "<group>"; };
		C7C385EF1DCB6D6E00E2353A /* ReuseQueue.swift */ = {isa = PBXFileReference; fileEncoding = 4; lastKnownFileType = sourcecode.swift; path = ReuseQueue.swift; sourceTree = "<group>"; };
/* End PBXFileReference section */

/* Begin PBXFrameworksBuildPhase section */
		C7ACDEC01DC4F23D002F2C45 /* Frameworks */ = {
			isa = PBXFrameworksBuildPhase;
			buildActionMask = 2147483647;
			files = (
			);
			runOnlyForDeploymentPostprocessing = 0;
		};
/* End PBXFrameworksBuildPhase section */

/* Begin PBXGroup section */
		C7ACDEBA1DC4F23D002F2C45 = {
			isa = PBXGroup;
			children = (
				C7ACDEC51DC4F23D002F2C45 /* InfiniteView */,
				C7ACDEC41DC4F23D002F2C45 /* Products */,
			);
			sourceTree = "<group>";
		};
		C7ACDEC41DC4F23D002F2C45 /* Products */ = {
			isa = PBXGroup;
			children = (
				C7ACDEC31DC4F23D002F2C45 /* InfiniteView.app */,
			);
			name = Products;
			sourceTree = "<group>";
		};
		C7ACDEC51DC4F23D002F2C45 /* InfiniteView */ = {
			isa = PBXGroup;
			children = (
				C739BC091DD1C69A003EFB72 /* AnimatedLayer.swift */,
				C7ACDEC61DC4F23D002F2C45 /* AppDelegate.swift */,
				C739BC0B1DD228C9003EFB72 /* ArrayExtension.swift */,
				C7ACDEC81DC4F23D002F2C45 /* ViewController.swift */,
				C7ACDECA1DC4F23D002F2C45 /* Main.storyboard */,
				C7ACDECD1DC4F23D002F2C45 /* Assets.xcassets */,
				C7ACDECF1DC4F23D002F2C45 /* LaunchScreen.storyboard */,
				C7ACDED21DC4F23D002F2C45 /* Info.plist */,
				C7ACDED91DC4F56B002F2C45 /* InfiniteView.swift */,
				C7ACDEDB1DC4F62A002F2C45 /* InfiniteViewCell.swift */,
				C713AE631DCA2C5400852B72 /* TestCell.swift */,
				C713AE651DCA2C6D00852B72 /* TestCell.xib */,
				C7C385EF1DCB6D6E00E2353A /* ReuseQueue.swift */,
				C739BC0D1DD42CC6003EFB72 /* UIScrollViewExtension.swift */,
				C79FBE431DCC407F0070D363 /* ViewBundle.swift */,
				C713AE691DCA3A2200852B72 /* ViewReference.swift */,
				C739BC0F1DD59F27003EFB72 /* ViewVisibleInfo.swift */,
				C772868C1DE56C45005154DE /* IntegerType.swift */,
				C772868E1DE5A67E005154DE /* Countable.swift */,
			);
			path = InfiniteView;
			sourceTree = "<group>";
		};
/* End PBXGroup section */

/* Begin PBXNativeTarget section */
		C7ACDEC21DC4F23D002F2C45 /* InfiniteView */ = {
			isa = PBXNativeTarget;
			buildConfigurationList = C7ACDED51DC4F23D002F2C45 /* Build configuration list for PBXNativeTarget "InfiniteView" */;
			buildPhases = (
				C7ACDEBF1DC4F23D002F2C45 /* Sources */,
				C7ACDEC01DC4F23D002F2C45 /* Frameworks */,
				C7ACDEC11DC4F23D002F2C45 /* Resources */,
			);
			buildRules = (
			);
			dependencies = (
			);
			name = InfiniteView;
			productName = InfiniteView;
			productReference = C7ACDEC31DC4F23D002F2C45 /* InfiniteView.app */;
			productType = "com.apple.product-type.application";
		};
/* End PBXNativeTarget section */

/* Begin PBXProject section */
		C7ACDEBB1DC4F23D002F2C45 /* Project object */ = {
			isa = PBXProject;
			attributes = {
				LastSwiftUpdateCheck = 0800;
				LastUpgradeCheck = 0800;
				ORGANIZATIONNAME = "Kyohei Ito";
				TargetAttributes = {
					C7ACDEC21DC4F23D002F2C45 = {
						CreatedOnToolsVersion = 8.0;
						DevelopmentTeam = MX36A76L68;
						ProvisioningStyle = Automatic;
					};
				};
			};
			buildConfigurationList = C7ACDEBE1DC4F23D002F2C45 /* Build configuration list for PBXProject "InfiniteView" */;
			compatibilityVersion = "Xcode 3.2";
			developmentRegion = English;
			hasScannedForEncodings = 0;
			knownRegions = (
				en,
				Base,
			);
			mainGroup = C7ACDEBA1DC4F23D002F2C45;
			productRefGroup = C7ACDEC41DC4F23D002F2C45 /* Products */;
			projectDirPath = "";
			projectRoot = "";
			targets = (
				C7ACDEC21DC4F23D002F2C45 /* InfiniteView */,
			);
		};
/* End PBXProject section */

/* Begin PBXResourcesBuildPhase section */
		C7ACDEC11DC4F23D002F2C45 /* Resources */ = {
			isa = PBXResourcesBuildPhase;
			buildActionMask = 2147483647;
			files = (
				C7ACDED11DC4F23D002F2C45 /* LaunchScreen.storyboard in Resources */,
				C713AE661DCA2C6D00852B72 /* TestCell.xib in Resources */,
				C7ACDECE1DC4F23D002F2C45 /* Assets.xcassets in Resources */,
				C7ACDECC1DC4F23D002F2C45 /* Main.storyboard in Resources */,
			);
			runOnlyForDeploymentPostprocessing = 0;
		};
/* End PBXResourcesBuildPhase section */

/* Begin PBXSourcesBuildPhase section */
		C7ACDEBF1DC4F23D002F2C45 /* Sources */ = {
			isa = PBXSourcesBuildPhase;
			buildActionMask = 2147483647;
			files = (
				C739BC0C1DD228C9003EFB72 /* ArrayExtension.swift in Sources */,
				C79FBE441DCC407F0070D363 /* ViewBundle.swift in Sources */,
				C7ACDEDA1DC4F56B002F2C45 /* InfiniteView.swift in Sources */,
				C713AE6A1DCA3A2200852B72 /* ViewReference.swift in Sources */,
				C739BC0E1DD42CC6003EFB72 /* UIScrollViewExtension.swift in Sources */,
				C7C385F01DCB6D6E00E2353A /* ReuseQueue.swift in Sources */,
				C713AE641DCA2C5400852B72 /* TestCell.swift in Sources */,
				C772868F1DE5A67E005154DE /* Countable.swift in Sources */,
				C7ACDEC91DC4F23D002F2C45 /* ViewController.swift in Sources */,
				C7ACDEDC1DC4F62A002F2C45 /* InfiniteViewCell.swift in Sources */,
				C739BC101DD59F27003EFB72 /* ViewVisibleInfo.swift in Sources */,
				C772868D1DE56C45005154DE /* IntegerType.swift in Sources */,
				C739BC0A1DD1C69A003EFB72 /* AnimatedLayer.swift in Sources */,
				C7ACDEC71DC4F23D002F2C45 /* AppDelegate.swift in Sources */,
			);
			runOnlyForDeploymentPostprocessing = 0;
		};
/* End PBXSourcesBuildPhase section */

/* Begin PBXVariantGroup section */
		C7ACDECA1DC4F23D002F2C45 /* Main.storyboard */ = {
			isa = PBXVariantGroup;
			children = (
				C7ACDECB1DC4F23D002F2C45 /* Base */,
			);
			name = Main.storyboard;
			sourceTree = "<group>";
		};
		C7ACDECF1DC4F23D002F2C45 /* LaunchScreen.storyboard */ = {
			isa = PBXVariantGroup;
			children = (
				C7ACDED01DC4F23D002F2C45 /* Base */,
			);
			name = LaunchScreen.storyboard;
			sourceTree = "<group>";
		};
/* End PBXVariantGroup section */

/* Begin XCBuildConfiguration section */
		C7ACDED31DC4F23D002F2C45 /* Debug */ = {
			isa = XCBuildConfiguration;
			buildSettings = {
				ALWAYS_SEARCH_USER_PATHS = NO;
				CLANG_ANALYZER_NONNULL = YES;
				CLANG_CXX_LANGUAGE_STANDARD = "gnu++0x";
				CLANG_CXX_LIBRARY = "libc++";
				CLANG_ENABLE_MODULES = YES;
				CLANG_ENABLE_OBJC_ARC = YES;
				CLANG_WARN_BOOL_CONVERSION = YES;
				CLANG_WARN_CONSTANT_CONVERSION = YES;
				CLANG_WARN_DIRECT_OBJC_ISA_USAGE = YES_ERROR;
				CLANG_WARN_DOCUMENTATION_COMMENTS = YES;
				CLANG_WARN_EMPTY_BODY = YES;
				CLANG_WARN_ENUM_CONVERSION = YES;
				CLANG_WARN_INFINITE_RECURSION = YES;
				CLANG_WARN_INT_CONVERSION = YES;
				CLANG_WARN_OBJC_ROOT_CLASS = YES_ERROR;
				CLANG_WARN_SUSPICIOUS_MOVES = YES;
				CLANG_WARN_UNREACHABLE_CODE = YES;
				CLANG_WARN__DUPLICATE_METHOD_MATCH = YES;
				"CODE_SIGN_IDENTITY[sdk=iphoneos*]" = "iPhone Developer";
				COPY_PHASE_STRIP = NO;
				DEBUG_INFORMATION_FORMAT = dwarf;
				ENABLE_STRICT_OBJC_MSGSEND = YES;
				ENABLE_TESTABILITY = YES;
				GCC_C_LANGUAGE_STANDARD = gnu99;
				GCC_DYNAMIC_NO_PIC = NO;
				GCC_NO_COMMON_BLOCKS = YES;
				GCC_OPTIMIZATION_LEVEL = 0;
				GCC_PREPROCESSOR_DEFINITIONS = (
					"DEBUG=1",
					"$(inherited)",
				);
				GCC_WARN_64_TO_32_BIT_CONVERSION = YES;
				GCC_WARN_ABOUT_RETURN_TYPE = YES_ERROR;
				GCC_WARN_UNDECLARED_SELECTOR = YES;
				GCC_WARN_UNINITIALIZED_AUTOS = YES_AGGRESSIVE;
				GCC_WARN_UNUSED_FUNCTION = YES;
				GCC_WARN_UNUSED_VARIABLE = YES;
				IPHONEOS_DEPLOYMENT_TARGET = 8.0;
				MTL_ENABLE_DEBUG_INFO = YES;
				ONLY_ACTIVE_ARCH = YES;
				SDKROOT = iphoneos;
				SWIFT_ACTIVE_COMPILATION_CONDITIONS = DEBUG;
				SWIFT_OPTIMIZATION_LEVEL = "-Onone";
			};
			name = Debug;
		};
		C7ACDED41DC4F23D002F2C45 /* Release */ = {
			isa = XCBuildConfiguration;
			buildSettings = {
				ALWAYS_SEARCH_USER_PATHS = NO;
				CLANG_ANALYZER_NONNULL = YES;
				CLANG_CXX_LANGUAGE_STANDARD = "gnu++0x";
				CLANG_CXX_LIBRARY = "libc++";
				CLANG_ENABLE_MODULES = YES;
				CLANG_ENABLE_OBJC_ARC = YES;
				CLANG_WARN_BOOL_CONVERSION = YES;
				CLANG_WARN_CONSTANT_CONVERSION = YES;
				CLANG_WARN_DIRECT_OBJC_ISA_USAGE = YES_ERROR;
				CLANG_WARN_DOCUMENTATION_COMMENTS = YES;
				CLANG_WARN_EMPTY_BODY = YES;
				CLANG_WARN_ENUM_CONVERSION = YES;
				CLANG_WARN_INFINITE_RECURSION = YES;
				CLANG_WARN_INT_CONVERSION = YES;
				CLANG_WARN_OBJC_ROOT_CLASS = YES_ERROR;
				CLANG_WARN_SUSPICIOUS_MOVES = YES;
				CLANG_WARN_UNREACHABLE_CODE = YES;
				CLANG_WARN__DUPLICATE_METHOD_MATCH = YES;
				"CODE_SIGN_IDENTITY[sdk=iphoneos*]" = "iPhone Developer";
				COPY_PHASE_STRIP = NO;
				DEBUG_INFORMATION_FORMAT = "dwarf-with-dsym";
				ENABLE_NS_ASSERTIONS = NO;
				ENABLE_STRICT_OBJC_MSGSEND = YES;
				GCC_C_LANGUAGE_STANDARD = gnu99;
				GCC_NO_COMMON_BLOCKS = YES;
				GCC_WARN_64_TO_32_BIT_CONVERSION = YES;
				GCC_WARN_ABOUT_RETURN_TYPE = YES_ERROR;
				GCC_WARN_UNDECLARED_SELECTOR = YES;
				GCC_WARN_UNINITIALIZED_AUTOS = YES_AGGRESSIVE;
				GCC_WARN_UNUSED_FUNCTION = YES;
				GCC_WARN_UNUSED_VARIABLE = YES;
				IPHONEOS_DEPLOYMENT_TARGET = 8.0;
				MTL_ENABLE_DEBUG_INFO = NO;
				SDKROOT = iphoneos;
				SWIFT_OPTIMIZATION_LEVEL = "-Owholemodule";
				VALIDATE_PRODUCT = YES;
			};
			name = Release;
		};
		C7ACDED61DC4F23D002F2C45 /* Debug */ = {
			isa = XCBuildConfiguration;
			buildSettings = {
				ASSETCATALOG_COMPILER_APPICON_NAME = AppIcon;
				DEVELOPMENT_TEAM = MX36A76L68;
				INFOPLIST_FILE = InfiniteView/Info.plist;
				LD_RUNPATH_SEARCH_PATHS = "$(inherited) @executable_path/Frameworks";
				PRODUCT_BUNDLE_IDENTIFIER = com.kyoheiito.InfiniteView;
				PRODUCT_NAME = "$(TARGET_NAME)";
				SWIFT_VERSION = 3.0;
			};
			name = Debug;
		};
		C7ACDED71DC4F23D002F2C45 /* Release */ = {
			isa = XCBuildConfiguration;
			buildSettings = {
				ASSETCATALOG_COMPILER_APPICON_NAME = AppIcon;
				DEVELOPMENT_TEAM = MX36A76L68;
				INFOPLIST_FILE = InfiniteView/Info.plist;
				LD_RUNPATH_SEARCH_PATHS = "$(inherited) @executable_path/Frameworks";
				PRODUCT_BUNDLE_IDENTIFIER = com.kyoheiito.InfiniteView;
				PRODUCT_NAME = "$(TARGET_NAME)";
				SWIFT_VERSION = 3.0;
			};
			name = Release;
		};
/* End XCBuildConfiguration section */

/* Begin XCConfigurationList section */
		C7ACDEBE1DC4F23D002F2C45 /* Build configuration list for PBXProject "InfiniteView" */ = {
			isa = XCConfigurationList;
			buildConfigurations = (
				C7ACDED31DC4F23D002F2C45 /* Debug */,
				C7ACDED41DC4F23D002F2C45 /* Release */,
			);
			defaultConfigurationIsVisible = 0;
			defaultConfigurationName = Release;
		};
		C7ACDED51DC4F23D002F2C45 /* Build configuration list for PBXNativeTarget "InfiniteView" */ = {
			isa = XCConfigurationList;
			buildConfigurations = (
				C7ACDED61DC4F23D002F2C45 /* Debug */,
				C7ACDED71DC4F23D002F2C45 /* Release */,
			);
			defaultConfigurationIsVisible = 0;
			defaultConfigurationName = Release;
		};
/* End XCConfigurationList section */
	};
	rootObject = C7ACDEBB1DC4F23D002F2C45 /* Project object */;
}
